
Microsoft Visual Studio Solution File, Format Version 12.00
# Visual Studio Version 17
VisualStudioVersion = 17.2.32630.192
MinimumVisualStudioVersion = 10.0.40219.1
Project("{FAE04EC0-301F-11D3-BF4B-00C04F79EFBC}") = "Task 55 Stew", "Task 55 Stew\Task 55 Stew.csproj", "{C49A057A-0D53-4EAC-AEA7-99E0B9936449}"
EndProject
Global
	GlobalSection(SolutionConfigurationPlatforms) = preSolution
		Debug|Any CPU = Debug|Any CPU
		Release|Any CPU = Release|Any CPU
	EndGlobalSection
	GlobalSection(ProjectConfigurationPlatforms) = postSolution
		{C49A057A-0D53-4EAC-AEA7-99E0B9936449}.Debug|Any CPU.ActiveCfg = Debug|Any CPU
		{C49A057A-0D53-4EAC-AEA7-99E0B9936449}.Debug|Any CPU.Build.0 = Debug|Any CPU
		{C49A057A-0D53-4EAC-AEA7-99E0B9936449}.Release|Any CPU.ActiveCfg = Release|Any CPU
		{C49A057A-0D53-4EAC-AEA7-99E0B9936449}.Release|Any CPU.Build.0 = Release|Any CPU
	EndGlobalSection
	GlobalSection(SolutionProperties) = preSolution
		HideSolutionNode = FALSE
	EndGlobalSection
	GlobalSection(ExtensibilityGlobals) = postSolution
		SolutionGuid = {FAE53F9B-647E-4115-87FF-D76547BC5893}
	EndGlobalSection
EndGlobal
